{
  "name": "fittingapp",
  "version": "1.0.0",
  "lockfileVersion": 2,
  "requires": true,
  "packages": {
    "": {
      "name": "fittingapp",
      "version": "1.0.0",
      "license": "ISC",
      "dependencies": {
        "@types/three": "^0.132.2"
      }
    },
    "node_modules/@types/three": {
      "version": "0.132.2",
      "resolved": "https://registry.npmjs.org/@types/three/-/three-0.132.2.tgz",
      "integrity": "sha512-DpaP0sObpHvKX8zdfCqyTK526N8lQ86Qstp6MnQJ3jNYie7Bv9AMRTALuoIH8dgVZ62z9twuNvEarWHXOZwmSw=="
    }
  },
  "dependencies": {
    "@types/three": {
      "version": "0.132.2",
      "resolved": "https://registry.npmjs.org/@types/three/-/three-0.132.2.tgz",
      "integrity": "sha512-DpaP0sObpHvKX8zdfCqyTK526N8lQ86Qstp6MnQJ3jNYie7Bv9AMRTALuoIH8dgVZ62z9twuNvEarWHXOZwmSw=="
    }
  }
}
